
Microsoft Visual Studio Solution File, Format Version 12.00
# Visual Studio 14
VisualStudioVersion = 14.0.25123.0
MinimumVisualStudioVersion = 10.0.40219.1
Project("{8BC9CEB8-8B4A-11D0-8D11-00A0C91BC942}") = "ConsoleApplication1", "ConsoleApplication1\ConsoleApplication1.vcxproj", "{880C9C07-4D3B-45FC-A121-C9A0DDA73751}"
EndProject
Project("{8BC9CEB8-8B4A-11D0-8D11-00A0C91BC942}") = "GPA", "ConsoleApplication2\ConsoleApplication2.vcxproj", "{4C0D625C-3648-494B-A26D-CBFB6DB9E2F0}"
EndProject
Project("{8BC9CEB8-8B4A-11D0-8D11-00A0C91BC942}") = "spoj_Test1", "spoj_Test1\spoj_Test1.vcxproj", "{DD06B321-2C9C-4D0A-B1E9-464A3F0DF0BA}"
EndProject
Project("{FAE04EC0-301F-11D3-BF4B-00C04F79EFBC}") = "PrimeNumber", "PrimeNumber\PrimeNumber.csproj", "{6041EF8B-91E1-4589-9A0B-0A8D24341126}"
EndProject
Project("{8BC9CEB8-8B4A-11D0-8D11-00A0C91BC942}") = "PrimeNumber2", "PrimeNumber2\PrimeNumber2.vcxproj", "{EE354302-4B0C-414B-A28B-50508B11FF52}"
EndProject
Project("{FAE04EC0-301F-11D3-BF4B-00C04F79EFBC}") = "Plalidrome", "Plalidrome\Plalidrome.csproj", "{67DB1DA4-4119-4750-A406-27AC031A691F}"
EndProject
Project("{FAE04EC0-301F-11D3-BF4B-00C04F79EFBC}") = "RMAgreement", "ConsoleApplication3\RMAgreement.csproj", "{C915D3FF-E009-4B43-A206-4C0D861E7482}"
EndProject
Project("{FAE04EC0-301F-11D3-BF4B-00C04F79EFBC}") = "SquareSums", "SquareSums\SquareSums.csproj", "{CE187E18-994A-4A9F-9595-3F365CA7EFB2}"
EndProject
Project("{FAE04EC0-301F-11D3-BF4B-00C04F79EFBC}") = "ReversedSums", "ReversedSums\ReversedSums.csproj", "{B51098F0-0DEF-4D38-8CA0-A6690F7F2534}"
EndProject
Project("{FAE04EC0-301F-11D3-BF4B-00C04F79EFBC}") = "TransformExpress", "TransformExpress\TransformExpress.csproj", "{BD771732-98DA-4908-8E9F-C2B967744508}"
EndProject
Project("{FAE04EC0-301F-11D3-BF4B-00C04F79EFBC}") = "Test-Basic", "Test-Basic\Test-Basic.csproj", "{35AFDA63-D8CF-4F57-9FD7-5D092542F30E}"
EndProject
Project("{FAE04EC0-301F-11D3-BF4B-00C04F79EFBC}") = "HalfOfHalf", "HalfOfHalf\HalfOfHalf.csproj", "{B7743CB3-DD03-4C99-8762-F839DE0BFCBE}"
EndProject
Project("{FAE04EC0-301F-11D3-BF4B-00C04F79EFBC}") = "CharPattern", "CharPattern\CharPattern.csproj", "{35FFF428-BB9E-4FB2-AF60-48B130DACDC3}"
EndProject
Project("{8BC9CEB8-8B4A-11D0-8D11-00A0C91BC942}") = "Studdy", "Studdy\Studdy.vcxproj", "{3A36A65B-8827-4A34-AEF8-F3388BB0E8AF}"
EndProject
Project("{FAE04EC0-301F-11D3-BF4B-00C04F79EFBC}") = "FastMult", "FastMult\FastMult.csproj", "{AA86D776-EE37-4BE0-A7EC-830E72F1FEFB}"
EndProject
Project("{888888A0-9F3D-457C-B088-3A5042F75D52}") = "Fast", "Fast\Fast.pyproj", "{E4D9897B-B7B0-4AE7-B4F1-D2AEFC3D77C7}"
EndProject
Project("{8BC9CEB8-8B4A-11D0-8D11-00A0C91BC942}") = "Flags", "Flags\Flags.vcxproj", "{6B5D1EED-D901-4641-8E50-4B45F7D4E575}"
EndProject
Project("{FAE04EC0-301F-11D3-BF4B-00C04F79EFBC}") = "Kitchen Time", "Kitchen Time\Kitchen Time.csproj", "{4D33EDEB-262C-445E-88C0-BA2183FF9F01}"
EndProject
Global
	GlobalSection(SolutionConfigurationPlatforms) = preSolution
		Debug|Any CPU = Debug|Any CPU
		Debug|x64 = Debug|x64
		Debug|x86 = Debug|x86
		Release|Any CPU = Release|Any CPU
		Release|x64 = Release|x64
		Release|x86 = Release|x86
	EndGlobalSection
	GlobalSection(ProjectConfigurationPlatforms) = postSolution
		{880C9C07-4D3B-45FC-A121-C9A0DDA73751}.Debug|Any CPU.ActiveCfg = Debug|Win32
		{880C9C07-4D3B-45FC-A121-C9A0DDA73751}.Debug|x64.ActiveCfg = Debug|x64
		{880C9C07-4D3B-45FC-A121-C9A0DDA73751}.Debug|x64.Build.0 = Debug|x64
		{880C9C07-4D3B-45FC-A121-C9A0DDA73751}.Debug|x86.ActiveCfg = Debug|Win32
		{880C9C07-4D3B-45FC-A121-C9A0DDA73751}.Debug|x86.Build.0 = Debug|Win32
		{880C9C07-4D3B-45FC-A121-C9A0DDA73751}.Release|Any CPU.ActiveCfg = Release|Win32
		{880C9C07-4D3B-45FC-A121-C9A0DDA73751}.Release|x64.ActiveCfg = Release|x64
		{880C9C07-4D3B-45FC-A121-C9A0DDA73751}.Release|x64.Build.0 = Release|x64
		{880C9C07-4D3B-45FC-A121-C9A0DDA73751}.Release|x86.ActiveCfg = Release|Win32
		{880C9C07-4D3B-45FC-A121-C9A0DDA73751}.Release|x86.Build.0 = Release|Win32
		{4C0D625C-3648-494B-A26D-CBFB6DB9E2F0}.Debug|Any CPU.ActiveCfg = Debug|Win32
		{4C0D625C-3648-494B-A26D-CBFB6DB9E2F0}.Debug|x64.ActiveCfg = Debug|x64
		{4C0D625C-3648-494B-A26D-CBFB6DB9E2F0}.Debug|x64.Build.0 = Debug|x64
		{4C0D625C-3648-494B-A26D-CBFB6DB9E2F0}.Debug|x86.ActiveCfg = Debug|Win32
		{4C0D625C-3648-494B-A26D-CBFB6DB9E2F0}.Debug|x86.Build.0 = Debug|Win32
		{4C0D625C-3648-494B-A26D-CBFB6DB9E2F0}.Release|Any CPU.ActiveCfg = Release|Win32
		{4C0D625C-3648-494B-A26D-CBFB6DB9E2F0}.Release|x64.ActiveCfg = Release|x64
		{4C0D625C-3648-494B-A26D-CBFB6DB9E2F0}.Release|x64.Build.0 = Release|x64
		{4C0D625C-3648-494B-A26D-CBFB6DB9E2F0}.Release|x86.ActiveCfg = Release|Win32
		{4C0D625C-3648-494B-A26D-CBFB6DB9E2F0}.Release|x86.Build.0 = Release|Win32
		{DD06B321-2C9C-4D0A-B1E9-464A3F0DF0BA}.Debug|Any CPU.ActiveCfg = Debug|Win32
		{DD06B321-2C9C-4D0A-B1E9-464A3F0DF0BA}.Debug|x64.ActiveCfg = Debug|x64
		{DD06B321-2C9C-4D0A-B1E9-464A3F0DF0BA}.Debug|x64.Build.0 = Debug|x64
		{DD06B321-2C9C-4D0A-B1E9-464A3F0DF0BA}.Debug|x86.ActiveCfg = Debug|Win32
		{DD06B321-2C9C-4D0A-B1E9-464A3F0DF0BA}.Debug|x86.Build.0 = Debug|Win32
		{DD06B321-2C9C-4D0A-B1E9-464A3F0DF0BA}.Release|Any CPU.ActiveCfg = Release|Win32
		{DD06B321-2C9C-4D0A-B1E9-464A3F0DF0BA}.Release|x64.ActiveCfg = Release|x64
		{DD06B321-2C9C-4D0A-B1E9-464A3F0DF0BA}.Release|x64.Build.0 = Release|x64
		{DD06B321-2C9C-4D0A-B1E9-464A3F0DF0BA}.Release|x86.ActiveCfg = Release|Win32
		{DD06B321-2C9C-4D0A-B1E9-464A3F0DF0BA}.Release|x86.Build.0 = Release|Win32
		{6041EF8B-91E1-4589-9A0B-0A8D24341126}.Debug|Any CPU.ActiveCfg = Debug|Any CPU
		{6041EF8B-91E1-4589-9A0B-0A8D24341126}.Debug|Any CPU.Build.0 = Debug|Any CPU
		{6041EF8B-91E1-4589-9A0B-0A8D24341126}.Debug|x64.ActiveCfg = Debug|Any CPU
		{6041EF8B-91E1-4589-9A0B-0A8D24341126}.Debug|x64.Build.0 = Debug|Any CPU
		{6041EF8B-91E1-4589-9A0B-0A8D24341126}.Debug|x86.ActiveCfg = Debug|Any CPU
		{6041EF8B-91E1-4589-9A0B-0A8D24341126}.Debug|x86.Build.0 = Debug|Any CPU
		{6041EF8B-91E1-4589-9A0B-0A8D24341126}.Release|Any CPU.ActiveCfg = Release|Any CPU
		{6041EF8B-91E1-4589-9A0B-0A8D24341126}.Release|Any CPU.Build.0 = Release|Any CPU
		{6041EF8B-91E1-4589-9A0B-0A8D24341126}.Release|x64.ActiveCfg = Release|Any CPU
		{6041EF8B-91E1-4589-9A0B-0A8D24341126}.Release|x64.Build.0 = Release|Any CPU
		{6041EF8B-91E1-4589-9A0B-0A8D24341126}.Release|x86.ActiveCfg = Release|Any CPU
		{6041EF8B-91E1-4589-9A0B-0A8D24341126}.Release|x86.Build.0 = Release|Any CPU
		{EE354302-4B0C-414B-A28B-50508B11FF52}.Debug|Any CPU.ActiveCfg = Debug|Win32
		{EE354302-4B0C-414B-A28B-50508B11FF52}.Debug|x64.ActiveCfg = Debug|x64
		{EE354302-4B0C-414B-A28B-50508B11FF52}.Debug|x64.Build.0 = Debug|x64
		{EE354302-4B0C-414B-A28B-50508B11FF52}.Debug|x86.ActiveCfg = Debug|Win32
		{EE354302-4B0C-414B-A28B-50508B11FF52}.Debug|x86.Build.0 = Debug|Win32
		{EE354302-4B0C-414B-A28B-50508B11FF52}.Release|Any CPU.ActiveCfg = Release|Win32
		{EE354302-4B0C-414B-A28B-50508B11FF52}.Release|x64.ActiveCfg = Release|x64
		{EE354302-4B0C-414B-A28B-50508B11FF52}.Release|x64.Build.0 = Release|x64
		{EE354302-4B0C-414B-A28B-50508B11FF52}.Release|x86.ActiveCfg = Release|Win32
		{EE354302-4B0C-414B-A28B-50508B11FF52}.Release|x86.Build.0 = Release|Win32
		{67DB1DA4-4119-4750-A406-27AC031A691F}.Debug|Any CPU.ActiveCfg = Debug|Any CPU
		{67DB1DA4-4119-4750-A406-27AC031A691F}.Debug|Any CPU.Build.0 = Debug|Any CPU
		{67DB1DA4-4119-4750-A406-27AC031A691F}.Debug|x64.ActiveCfg = Debug|Any CPU
		{67DB1DA4-4119-4750-A406-27AC031A691F}.Debug|x64.Build.0 = Debug|Any CPU
		{67DB1DA4-4119-4750-A406-27AC031A691F}.Debug|x86.ActiveCfg = Debug|Any CPU
		{67DB1DA4-4119-4750-A406-27AC031A691F}.Debug|x86.Build.0 = Debug|Any CPU
		{67DB1DA4-4119-4750-A406-27AC031A691F}.Release|Any CPU.ActiveCfg = Release|Any CPU
		{67DB1DA4-4119-4750-A406-27AC031A691F}.Release|Any CPU.Build.0 = Release|Any CPU
		{67DB1DA4-4119-4750-A406-27AC031A691F}.Release|x64.ActiveCfg = Release|Any CPU
		{67DB1DA4-4119-4750-A406-27AC031A691F}.Release|x64.Build.0 = Release|Any CPU
		{67DB1DA4-4119-4750-A406-27AC031A691F}.Release|x86.ActiveCfg = Release|Any CPU
		{67DB1DA4-4119-4750-A406-27AC031A691F}.Release|x86.Build.0 = Release|Any CPU
		{C915D3FF-E009-4B43-A206-4C0D861E7482}.Debug|Any CPU.ActiveCfg = Debug|Any CPU
		{C915D3FF-E009-4B43-A206-4C0D861E7482}.Debug|Any CPU.Build.0 = Debug|Any CPU
		{C915D3FF-E009-4B43-A206-4C0D861E7482}.Debug|x64.ActiveCfg = Debug|Any CPU
		{C915D3FF-E009-4B43-A206-4C0D861E7482}.Debug|x64.Build.0 = Debug|Any CPU
		{C915D3FF-E009-4B43-A206-4C0D861E7482}.Debug|x86.ActiveCfg = Debug|Any CPU
		{C915D3FF-E009-4B43-A206-4C0D861E7482}.Debug|x86.Build.0 = Debug|Any CPU
		{C915D3FF-E009-4B43-A206-4C0D861E7482}.Release|Any CPU.ActiveCfg = Release|Any CPU
		{C915D3FF-E009-4B43-A206-4C0D861E7482}.Release|Any CPU.Build.0 = Release|Any CPU
		{C915D3FF-E009-4B43-A206-4C0D861E7482}.Release|x64.ActiveCfg = Release|Any CPU
		{C915D3FF-E009-4B43-A206-4C0D861E7482}.Release|x64.Build.0 = Release|Any CPU
		{C915D3FF-E009-4B43-A206-4C0D861E7482}.Release|x86.ActiveCfg = Release|Any CPU
		{C915D3FF-E009-4B43-A206-4C0D861E7482}.Release|x86.Build.0 = Release|Any CPU
		{CE187E18-994A-4A9F-9595-3F365CA7EFB2}.Debug|Any CPU.ActiveCfg = Debug|Any CPU
		{CE187E18-994A-4A9F-9595-3F365CA7EFB2}.Debug|Any CPU.Build.0 = Debug|Any CPU
		{CE187E18-994A-4A9F-9595-3F365CA7EFB2}.Debug|x64.ActiveCfg = Debug|Any CPU
		{CE187E18-994A-4A9F-9595-3F365CA7EFB2}.Debug|x64.Build.0 = Debug|Any CPU
		{CE187E18-994A-4A9F-9595-3F365CA7EFB2}.Debug|x86.ActiveCfg = Debug|Any CPU
		{CE187E18-994A-4A9F-9595-3F365CA7EFB2}.Debug|x86.Build.0 = Debug|Any CPU
		{CE187E18-994A-4A9F-9595-3F365CA7EFB2}.Release|Any CPU.ActiveCfg = Release|Any CPU
		{CE187E18-994A-4A9F-9595-3F365CA7EFB2}.Release|Any CPU.Build.0 = Release|Any CPU
		{CE187E18-994A-4A9F-9595-3F365CA7EFB2}.Release|x64.ActiveCfg = Release|Any CPU
		{CE187E18-994A-4A9F-9595-3F365CA7EFB2}.Release|x64.Build.0 = Release|Any CPU
		{CE187E18-994A-4A9F-9595-3F365CA7EFB2}.Release|x86.ActiveCfg = Release|Any CPU
		{CE187E18-994A-4A9F-9595-3F365CA7EFB2}.Release|x86.Build.0 = Release|Any CPU
		{B51098F0-0DEF-4D38-8CA0-A6690F7F2534}.Debug|Any CPU.ActiveCfg = Debug|Any CPU
		{B51098F0-0DEF-4D38-8CA0-A6690F7F2534}.Debug|Any CPU.Build.0 = Debug|Any CPU
		{B51098F0-0DEF-4D38-8CA0-A6690F7F2534}.Debug|x64.ActiveCfg = Debug|Any CPU
		{B51098F0-0DEF-4D38-8CA0-A6690F7F2534}.Debug|x64.Build.0 = Debug|Any CPU
		{B51098F0-0DEF-4D38-8CA0-A6690F7F2534}.Debug|x86.ActiveCfg = Debug|Any CPU
		{B51098F0-0DEF-4D38-8CA0-A6690F7F2534}.Debug|x86.Build.0 = Debug|Any CPU
		{B51098F0-0DEF-4D38-8CA0-A6690F7F2534}.Release|Any CPU.ActiveCfg = Release|Any CPU
		{B51098F0-0DEF-4D38-8CA0-A6690F7F2534}.Release|Any CPU.Build.0 = Release|Any CPU
		{B51098F0-0DEF-4D38-8CA0-A6690F7F2534}.Release|x64.ActiveCfg = Release|Any CPU
		{B51098F0-0DEF-4D38-8CA0-A6690F7F2534}.Release|x64.Build.0 = Release|Any CPU
		{B51098F0-0DEF-4D38-8CA0-A6690F7F2534}.Release|x86.ActiveCfg = Release|Any CPU
		{B51098F0-0DEF-4D38-8CA0-A6690F7F2534}.Release|x86.Build.0 = Release|Any CPU
		{BD771732-98DA-4908-8E9F-C2B967744508}.Debug|Any CPU.ActiveCfg = Debug|Any CPU
		{BD771732-98DA-4908-8E9F-C2B967744508}.Debug|Any CPU.Build.0 = Debug|Any CPU
		{BD771732-98DA-4908-8E9F-C2B967744508}.Debug|x64.ActiveCfg = Debug|Any CPU
		{BD771732-98DA-4908-8E9F-C2B967744508}.Debug|x64.Build.0 = Debug|Any CPU
		{BD771732-98DA-4908-8E9F-C2B967744508}.Debug|x86.ActiveCfg = Debug|Any CPU
		{BD771732-98DA-4908-8E9F-C2B967744508}.Debug|x86.Build.0 = Debug|Any CPU
		{BD771732-98DA-4908-8E9F-C2B967744508}.Release|Any CPU.ActiveCfg = Release|Any CPU
		{BD771732-98DA-4908-8E9F-C2B967744508}.Release|Any CPU.Build.0 = Release|Any CPU
		{BD771732-98DA-4908-8E9F-C2B967744508}.Release|x64.ActiveCfg = Release|Any CPU
		{BD771732-98DA-4908-8E9F-C2B967744508}.Release|x64.Build.0 = Release|Any CPU
		{BD771732-98DA-4908-8E9F-C2B967744508}.Release|x86.ActiveCfg = Release|Any CPU
		{BD771732-98DA-4908-8E9F-C2B967744508}.Release|x86.Build.0 = Release|Any CPU
		{35AFDA63-D8CF-4F57-9FD7-5D092542F30E}.Debug|Any CPU.ActiveCfg = Debug|Any CPU
		{35AFDA63-D8CF-4F57-9FD7-5D092542F30E}.Debug|Any CPU.Build.0 = Debug|Any CPU
		{35AFDA63-D8CF-4F57-9FD7-5D092542F30E}.Debug|x64.ActiveCfg = Debug|Any CPU
		{35AFDA63-D8CF-4F57-9FD7-5D092542F30E}.Debug|x64.Build.0 = Debug|Any CPU
		{35AFDA63-D8CF-4F57-9FD7-5D092542F30E}.Debug|x86.ActiveCfg = Debug|Any CPU
		{35AFDA63-D8CF-4F57-9FD7-5D092542F30E}.Debug|x86.Build.0 = Debug|Any CPU
		{35AFDA63-D8CF-4F57-9FD7-5D092542F30E}.Release|Any CPU.ActiveCfg = Release|Any CPU
		{35AFDA63-D8CF-4F57-9FD7-5D092542F30E}.Release|Any CPU.Build.0 = Release|Any CPU
		{35AFDA63-D8CF-4F57-9FD7-5D092542F30E}.Release|x64.ActiveCfg = Release|Any CPU
		{35AFDA63-D8CF-4F57-9FD7-5D092542F30E}.Release|x64.Build.0 = Release|Any CPU
		{35AFDA63-D8CF-4F57-9FD7-5D092542F30E}.Release|x86.ActiveCfg = Release|Any CPU
		{35AFDA63-D8CF-4F57-9FD7-5D092542F30E}.Release|x86.Build.0 = Release|Any CPU
		{B7743CB3-DD03-4C99-8762-F839DE0BFCBE}.Debug|Any CPU.ActiveCfg = Debug|Any CPU
		{B7743CB3-DD03-4C99-8762-F839DE0BFCBE}.Debug|Any CPU.Build.0 = Debug|Any CPU
		{B7743CB3-DD03-4C99-8762-F839DE0BFCBE}.Debug|x64.ActiveCfg = Debug|Any CPU
		{B7743CB3-DD03-4C99-8762-F839DE0BFCBE}.Debug|x64.Build.0 = Debug|Any CPU
		{B7743CB3-DD03-4C99-8762-F839DE0BFCBE}.Debug|x86.ActiveCfg = Debug|Any CPU
		{B7743CB3-DD03-4C99-8762-F839DE0BFCBE}.Debug|x86.Build.0 = Debug|Any CPU
		{B7743CB3-DD03-4C99-8762-F839DE0BFCBE}.Release|Any CPU.ActiveCfg = Release|Any CPU
		{B7743CB3-DD03-4C99-8762-F839DE0BFCBE}.Release|Any CPU.Build.0 = Release|Any CPU
		{B7743CB3-DD03-4C99-8762-F839DE0BFCBE}.Release|x64.ActiveCfg = Release|Any CPU
		{B7743CB3-DD03-4C99-8762-F839DE0BFCBE}.Release|x64.Build.0 = Release|Any CPU
		{B7743CB3-DD03-4C99-8762-F839DE0BFCBE}.Release|x86.ActiveCfg = Release|Any CPU
		{B7743CB3-DD03-4C99-8762-F839DE0BFCBE}.Release|x86.Build.0 = Release|Any CPU
		{35FFF428-BB9E-4FB2-AF60-48B130DACDC3}.Debug|Any CPU.ActiveCfg = Debug|Any CPU
		{35FFF428-BB9E-4FB2-AF60-48B130DACDC3}.Debug|Any CPU.Build.0 = Debug|Any CPU
		{35FFF428-BB9E-4FB2-AF60-48B130DACDC3}.Debug|x64.ActiveCfg = Debug|Any CPU
		{35FFF428-BB9E-4FB2-AF60-48B130DACDC3}.Debug|x64.Build.0 = Debug|Any CPU
		{35FFF428-BB9E-4FB2-AF60-48B130DACDC3}.Debug|x86.ActiveCfg = Debug|Any CPU
		{35FFF428-BB9E-4FB2-AF60-48B130DACDC3}.Debug|x86.Build.0 = Debug|Any CPU
		{35FFF428-BB9E-4FB2-AF60-48B130DACDC3}.Release|Any CPU.ActiveCfg = Release|Any CPU
		{35FFF428-BB9E-4FB2-AF60-48B130DACDC3}.Release|Any CPU.Build.0 = Release|Any CPU
		{35FFF428-BB9E-4FB2-AF60-48B130DACDC3}.Release|x64.ActiveCfg = Release|Any CPU
		{35FFF428-BB9E-4FB2-AF60-48B130DACDC3}.Release|x64.Build.0 = Release|Any CPU
		{35FFF428-BB9E-4FB2-AF60-48B130DACDC3}.Release|x86.ActiveCfg = Release|Any CPU
		{35FFF428-BB9E-4FB2-AF60-48B130DACDC3}.Release|x86.Build.0 = Release|Any CPU
		{3A36A65B-8827-4A34-AEF8-F3388BB0E8AF}.Debug|Any CPU.ActiveCfg = Debug|Win32
		{3A36A65B-8827-4A34-AEF8-F3388BB0E8AF}.Debug|x64.ActiveCfg = Debug|x64
		{3A36A65B-8827-4A34-AEF8-F3388BB0E8AF}.Debug|x64.Build.0 = Debug|x64
		{3A36A65B-8827-4A34-AEF8-F3388BB0E8AF}.Debug|x86.ActiveCfg = Debug|Win32
		{3A36A65B-8827-4A34-AEF8-F3388BB0E8AF}.Debug|x86.Build.0 = Debug|Win32
		{3A36A65B-8827-4A34-AEF8-F3388BB0E8AF}.Release|Any CPU.ActiveCfg = Release|Win32
		{3A36A65B-8827-4A34-AEF8-F3388BB0E8AF}.Release|x64.ActiveCfg = Release|x64
		{3A36A65B-8827-4A34-AEF8-F3388BB0E8AF}.Release|x64.Build.0 = Release|x64
		{3A36A65B-8827-4A34-AEF8-F3388BB0E8AF}.Release|x86.ActiveCfg = Release|Win32
		{3A36A65B-8827-4A34-AEF8-F3388BB0E8AF}.Release|x86.Build.0 = Release|Win32
		{AA86D776-EE37-4BE0-A7EC-830E72F1FEFB}.Debug|Any CPU.ActiveCfg = Debug|Any CPU
		{AA86D776-EE37-4BE0-A7EC-830E72F1FEFB}.Debug|Any CPU.Build.0 = Debug|Any CPU
		{AA86D776-EE37-4BE0-A7EC-830E72F1FEFB}.Debug|x64.ActiveCfg = Debug|Any CPU
		{AA86D776-EE37-4BE0-A7EC-830E72F1FEFB}.Debug|x64.Build.0 = Debug|Any CPU
		{AA86D776-EE37-4BE0-A7EC-830E72F1FEFB}.Debug|x86.ActiveCfg = Debug|Any CPU
		{AA86D776-EE37-4BE0-A7EC-830E72F1FEFB}.Debug|x86.Build.0 = Debug|Any CPU
		{AA86D776-EE37-4BE0-A7EC-830E72F1FEFB}.Release|Any CPU.ActiveCfg = Release|Any CPU
		{AA86D776-EE37-4BE0-A7EC-830E72F1FEFB}.Release|Any CPU.Build.0 = Release|Any CPU
		{AA86D776-EE37-4BE0-A7EC-830E72F1FEFB}.Release|x64.ActiveCfg = Release|Any CPU
		{AA86D776-EE37-4BE0-A7EC-830E72F1FEFB}.Release|x64.Build.0 = Release|Any CPU
		{AA86D776-EE37-4BE0-A7EC-830E72F1FEFB}.Release|x86.ActiveCfg = Release|Any CPU
		{AA86D776-EE37-4BE0-A7EC-830E72F1FEFB}.Release|x86.Build.0 = Release|Any CPU
		{E4D9897B-B7B0-4AE7-B4F1-D2AEFC3D77C7}.Debug|Any CPU.ActiveCfg = Debug|Any CPU
		{E4D9897B-B7B0-4AE7-B4F1-D2AEFC3D77C7}.Debug|x64.ActiveCfg = Debug|Any CPU
		{E4D9897B-B7B0-4AE7-B4F1-D2AEFC3D77C7}.Debug|x86.ActiveCfg = Debug|Any CPU
		{E4D9897B-B7B0-4AE7-B4F1-D2AEFC3D77C7}.Release|Any CPU.ActiveCfg = Release|Any CPU
		{E4D9897B-B7B0-4AE7-B4F1-D2AEFC3D77C7}.Release|x64.ActiveCfg = Release|Any CPU
		{E4D9897B-B7B0-4AE7-B4F1-D2AEFC3D77C7}.Release|x86.ActiveCfg = Release|Any CPU
		{6B5D1EED-D901-4641-8E50-4B45F7D4E575}.Debug|Any CPU.ActiveCfg = Debug|Win32
		{6B5D1EED-D901-4641-8E50-4B45F7D4E575}.Debug|x64.ActiveCfg = Debug|x64
		{6B5D1EED-D901-4641-8E50-4B45F7D4E575}.Debug|x64.Build.0 = Debug|x64
		{6B5D1EED-D901-4641-8E50-4B45F7D4E575}.Debug|x86.ActiveCfg = Debug|Win32
		{6B5D1EED-D901-4641-8E50-4B45F7D4E575}.Debug|x86.Build.0 = Debug|Win32
		{6B5D1EED-D901-4641-8E50-4B45F7D4E575}.Release|Any CPU.ActiveCfg = Release|Win32
		{6B5D1EED-D901-4641-8E50-4B45F7D4E575}.Release|x64.ActiveCfg = Release|x64
		{6B5D1EED-D901-4641-8E50-4B45F7D4E575}.Release|x64.Build.0 = Release|x64
		{6B5D1EED-D901-4641-8E50-4B45F7D4E575}.Release|x86.ActiveCfg = Release|Win32
		{6B5D1EED-D901-4641-8E50-4B45F7D4E575}.Release|x86.Build.0 = Release|Win32
		{4D33EDEB-262C-445E-88C0-BA2183FF9F01}.Debug|Any CPU.ActiveCfg = Debug|Any CPU
		{4D33EDEB-262C-445E-88C0-BA2183FF9F01}.Debug|Any CPU.Build.0 = Debug|Any CPU
		{4D33EDEB-262C-445E-88C0-BA2183FF9F01}.Debug|x64.ActiveCfg = Debug|Any CPU
		{4D33EDEB-262C-445E-88C0-BA2183FF9F01}.Debug|x64.Build.0 = Debug|Any CPU
		{4D33EDEB-262C-445E-88C0-BA2183FF9F01}.Debug|x86.ActiveCfg = Debug|Any CPU
		{4D33EDEB-262C-445E-88C0-BA2183FF9F01}.Debug|x86.Build.0 = Debug|Any CPU
		{4D33EDEB-262C-445E-88C0-BA2183FF9F01}.Release|Any CPU.ActiveCfg = Release|Any CPU
		{4D33EDEB-262C-445E-88C0-BA2183FF9F01}.Release|Any CPU.Build.0 = Release|Any CPU
		{4D33EDEB-262C-445E-88C0-BA2183FF9F01}.Release|x64.ActiveCfg = Release|Any CPU
		{4D33EDEB-262C-445E-88C0-BA2183FF9F01}.Release|x64.Build.0 = Release|Any CPU
		{4D33EDEB-262C-445E-88C0-BA2183FF9F01}.Release|x86.ActiveCfg = Release|Any CPU
		{4D33EDEB-262C-445E-88C0-BA2183FF9F01}.Release|x86.Build.0 = Release|Any CPU
	EndGlobalSection
	GlobalSection(SolutionProperties) = preSolution
		HideSolutionNode = FALSE
	EndGlobalSection
EndGlobal
